
Microsoft Visual Studio Solution File, Format Version 12.00
# Visual Studio 2013
VisualStudioVersion = 12.0.21005.1
MinimumVisualStudioVersion = 10.0.40219.1
Project("{FAE04EC0-301F-11D3-BF4B-00C04F79EFBC}") = "RpgProjekt.CharacterBuilder", "RpgProjekt.CharacterBuilder\RpgProjekt.CharacterBuilder.csproj", "{3C4A1986-89A4-48AA-95BD-B26434F4E462}"
EndProject
Project("{FAE04EC0-301F-11D3-BF4B-00C04F79EFBC}") = "RpgProjekt.CharacterBuilder.Tests", "RpgProjekt.CharacterBuilder.Tests\RpgProjekt.CharacterBuilder.Tests.csproj", "{FA969C91-497D-459E-BDA2-91763AF7773A}"
EndProject
Global
	GlobalSection(SolutionConfigurationPlatforms) = preSolution
		Debug|Any CPU = Debug|Any CPU
		Release|Any CPU = Release|Any CPU
	EndGlobalSection
	GlobalSection(ProjectConfigurationPlatforms) = postSolution
		{3C4A1986-89A4-48AA-95BD-B26434F4E462}.Debug|Any CPU.ActiveCfg = Debug|Any CPU
		{3C4A1986-89A4-48AA-95BD-B26434F4E462}.Debug|Any CPU.Build.0 = Debug|Any CPU
		{3C4A1986-89A4-48AA-95BD-B26434F4E462}.Release|Any CPU.ActiveCfg = Release|Any CPU
		{3C4A1986-89A4-48AA-95BD-B26434F4E462}.Release|Any CPU.Build.0 = Release|Any CPU
		{FA969C91-497D-459E-BDA2-91763AF7773A}.Debug|Any CPU.ActiveCfg = Debug|Any CPU
		{FA969C91-497D-459E-BDA2-91763AF7773A}.Debug|Any CPU.Build.0 = Debug|Any CPU
		{FA969C91-497D-459E-BDA2-91763AF7773A}.Release|Any CPU.ActiveCfg = Release|Any CPU
		{FA969C91-497D-459E-BDA2-91763AF7773A}.Release|Any CPU.Build.0 = Release|Any CPU
	EndGlobalSection
	GlobalSection(SolutionProperties) = preSolution
		HideSolutionNode = FALSE
	EndGlobalSection
EndGlobal
